schema: '2.0'
stages:
  limpieza_datos:
    cmd: python src/data/make_dataset.py --input data/raw/cardio_train.csv 
      --output data/processed/cardio_clean.csv --altura_min 130 --altura_max 220
      --peso_min 30 --peso_max 200 --ap_hi_min 80 --ap_hi_max 240 --ap_lo_min 50
      --ap_lo_max 140
    deps:
    - path: data/raw/cardio_train.csv
      hash: md5
      md5: 71c46a70f7ba9e3e4736ae73ecd5bac9
      size: 2941524
    - path: src/data/make_dataset.py
      hash: md5
      md5: 114c9bd79906912cd811869a79706b32
      size: 14158
    outs:
    - path: data/processed/cardio_clean.csv
      hash: md5
      md5: eb36f6fcacce1a20a5517f4b52557f13
      size: 3492215
  ingenieria_caracteristicas:
    cmd: python src/features/build_features.py --input 
      data/processed/cardio_clean.csv --output_dir data/processed/model_inputs 
      --scaler_path models/scaler.joblib --scaler_type robust --drop_features 
      edad_squared,imc_squared,log_ap_hi,col_gluc_ratio,imc_categoria,presion_imc_interaction,pressure_ratio
    deps:
    - path: data/processed/cardio_clean.csv
      hash: md5
      md5: eb36f6fcacce1a20a5517f4b52557f13
      size: 3492215
    - path: src/features/build_features.py
      hash: md5
      md5: 6760a01d04e5ed57deb109e1dc6eaf49
      size: 29002
    outs:
    - path: data/processed/model_inputs
      hash: md5
      md5: fe1225626e0a1f28a3e0fc5639f09274.dir
      size: 12983809
      nfiles: 6
    - path: models/scaler.joblib
      hash: md5
      md5: e9eed5c39050d4ad345d83adf15ec594
      size: 1359
  train_random_forest:
    cmd: python src/models/train_model.py --input_dir 
      data/processed/model_inputs --model RF --models_dir models --trials 10 
      --use_smote true --smote_sampling_strategy 1.0 --reset_experiment
    deps:
    - path: data/processed/model_inputs
      hash: md5
      md5: fe1225626e0a1f28a3e0fc5639f09274.dir
      size: 12983809
      nfiles: 6
    - path: src/models/train_model.py
      hash: md5
      md5: 6dc11b60e8f8d793c92c11f0607e0ec5
      size: 37437
    outs:
    - path: models/best_model_RF.joblib
      hash: md5
      md5: 654bf348a0d99fafd788abe0171f8fee
      size: 4235705
  train_logistic_regression:
    cmd: python src/models/train_model.py --input_dir 
      data/processed/model_inputs --model LR --models_dir models --trials 10 
      --use_smote true --smote_sampling_strategy 1.0
    deps:
    - path: data/processed/model_inputs
      hash: md5
      md5: fe1225626e0a1f28a3e0fc5639f09274.dir
      size: 12983809
      nfiles: 6
    - path: models/best_model_RF.joblib
      hash: md5
      md5: 654bf348a0d99fafd788abe0171f8fee
      size: 4235705
    - path: src/models/train_model.py
      hash: md5
      md5: 6dc11b60e8f8d793c92c11f0607e0ec5
      size: 37437
    outs:
    - path: models/best_model_LR.joblib
      hash: md5
      md5: 25ea35d4f76eba6794e8abc9cc7f98d2
      size: 1551
  train_lightgbm:
    cmd: python src/models/train_model.py --input_dir 
      data/processed/model_inputs --model LGBM --models_dir models --trials 10 
      --use_smote true --smote_sampling_strategy 1.0
    deps:
    - path: data/processed/model_inputs
      hash: md5
      md5: fe1225626e0a1f28a3e0fc5639f09274.dir
      size: 12983809
      nfiles: 6
    - path: models/best_model_XGB.joblib
      hash: md5
      md5: 2e3e5160e57a50272344f27a11419412
      size: 1967791
    - path: src/models/train_model.py
      hash: md5
      md5: 6dc11b60e8f8d793c92c11f0607e0ec5
      size: 37437
    outs:
    - path: models/best_model_LGBM.joblib
      hash: md5
      md5: 8020fcc6e0cf72c54beba5a37395ea28
      size: 4026484
  train_xgboost:
    cmd: python src/models/train_model.py --input_dir 
      data/processed/model_inputs --model XGB --models_dir models --trials 10 
      --use_smote true --smote_sampling_strategy 1.0
    deps:
    - path: data/processed/model_inputs
      hash: md5
      md5: fe1225626e0a1f28a3e0fc5639f09274.dir
      size: 12983809
      nfiles: 6
    - path: models/best_model_LR.joblib
      hash: md5
      md5: 25ea35d4f76eba6794e8abc9cc7f98d2
      size: 1551
    - path: src/models/train_model.py
      hash: md5
      md5: 6dc11b60e8f8d793c92c11f0607e0ec5
      size: 37437
    outs:
    - path: models/best_model_XGB.joblib
      hash: md5
      md5: 2e3e5160e57a50272344f27a11419412
      size: 1967791
