schema: '2.0'
stages:
  limpieza_datos:
    cmd: python src/data/make_dataset.py --input data/raw/cardio_train.csv 
      --output data/processed/cardio_clean.csv --altura_min 130 --altura_max 220
      --peso_min 30 --peso_max 200 --ap_hi_min 80 --ap_hi_max 240 --ap_lo_min 50
      --ap_lo_max 140
    deps:
    - path: data/raw/cardio_train.csv
      hash: md5
      md5: 71c46a70f7ba9e3e4736ae73ecd5bac9
      size: 2941524
    - path: src/data/make_dataset.py
      hash: md5
      md5: 114c9bd79906912cd811869a79706b32
      size: 14158
    outs:
    - path: data/processed/cardio_clean.csv
      hash: md5
      md5: eb36f6fcacce1a20a5517f4b52557f13
      size: 3492215
  ingenieria_caracteristicas:
    cmd: python src/features/build_features.py --input 
      data/processed/cardio_clean.csv --output_dir data/processed/model_inputs 
      --scaler_path models/scaler.joblib --scaler_type robust --drop_features 
      edad_squared,imc_squared,log_ap_hi,col_gluc_ratio
    deps:
    - path: data/processed/cardio_clean.csv
      hash: md5
      md5: eb36f6fcacce1a20a5517f4b52557f13
      size: 3492215
    - path: src/features/build_features.py
      hash: md5
      md5: 6760a01d04e5ed57deb109e1dc6eaf49
      size: 29002
    outs:
    - path: data/processed/model_inputs
      hash: md5
      md5: e3eb9571d0504f7676501450864a9d50.dir
      size: 15493972
      nfiles: 6
    - path: models/scaler.joblib
      hash: md5
      md5: af6b07c22eeca95ae39f02565849a387
      size: 1463
  train_random_forest:
    cmd: python src/models/train_model.py --input_dir 
      data/processed/model_inputs --model RF --models_dir models --trials 30 
      --use_smote true --smote_sampling_strategy 1.0 --reset_experiment
    deps:
    - path: data/processed/model_inputs
      hash: md5
      md5: e3eb9571d0504f7676501450864a9d50.dir
      size: 15493972
      nfiles: 6
    - path: src/models/train_model.py
      hash: md5
      md5: 6dc11b60e8f8d793c92c11f0607e0ec5
      size: 37437
    outs:
    - path: models/best_model_RF.joblib
      hash: md5
      md5: e5a9b27c67026f6946083bab46c9e07d
      size: 4208249
  train_logistic_regression:
    cmd: python src/models/train_model.py --input_dir 
      data/processed/model_inputs --model LR --models_dir models --trials 30 
      --use_smote true --smote_sampling_strategy 1.0
    deps:
    - path: data/processed/model_inputs
      hash: md5
      md5: e3eb9571d0504f7676501450864a9d50.dir
      size: 15493972
      nfiles: 6
    - path: models/best_model_RF.joblib
      hash: md5
      md5: e5a9b27c67026f6946083bab46c9e07d
      size: 4208249
    - path: src/models/train_model.py
      hash: md5
      md5: 6dc11b60e8f8d793c92c11f0607e0ec5
      size: 37437
    outs:
    - path: models/best_model_LR.joblib
      hash: md5
      md5: 0a319971547a6b8e2f1acc350a85e811
      size: 1631
  train_lightgbm:
    cmd: python src/models/train_model.py --input_dir 
      data/processed/model_inputs --model LGBM --models_dir models --trials 30 
      --use_smote true --smote_sampling_strategy 1.0
    deps:
    - path: data/processed/model_inputs
      hash: md5
      md5: e3eb9571d0504f7676501450864a9d50.dir
      size: 15493972
      nfiles: 6
    - path: models/best_model_XGB.joblib
      hash: md5
      md5: ac40af934c7ec9af2deba26388fbffe8
      size: 2006291
    - path: src/models/train_model.py
      hash: md5
      md5: 6dc11b60e8f8d793c92c11f0607e0ec5
      size: 37437
    outs:
    - path: models/best_model_LGBM.joblib
      hash: md5
      md5: 6db18f7a7a53363d48af566ebc550c4d
      size: 3157156
  train_xgboost:
    cmd: python src/models/train_model.py --input_dir 
      data/processed/model_inputs --model XGB --models_dir models --trials 30 
      --use_smote true --smote_sampling_strategy 1.0
    deps:
    - path: data/processed/model_inputs
      hash: md5
      md5: e3eb9571d0504f7676501450864a9d50.dir
      size: 15493972
      nfiles: 6
    - path: models/best_model_LR.joblib
      hash: md5
      md5: 0a319971547a6b8e2f1acc350a85e811
      size: 1631
    - path: src/models/train_model.py
      hash: md5
      md5: 6dc11b60e8f8d793c92c11f0607e0ec5
      size: 37437
    outs:
    - path: models/best_model_XGB.joblib
      hash: md5
      md5: ac40af934c7ec9af2deba26388fbffe8
      size: 2006291
